# THIS IS AN AUTOGENERATED FILE. DO NOT EDIT THIS FILE DIRECTLY.
# yarn lockfile v1


vue-loading-overlay@^3.2.0:
  version "3.2.0"
  resolved "https://registry.yarnpkg.com/vue-loading-overlay/-/vue-loading-overlay-3.2.0.tgz#7896f195e26a8d915219139a096367c9ad2c3c61"
  integrity sha512-QBHa+vwcQ3k3oKp4pucP7RHWHSQvgVWFlDFqSaXLu+kCuEv1PZCoerAo1T04enF5y9yMFCqh7L9ChrWHy7HYvA==
